
Microsoft Visual Studio Solution File, Format Version 11.00
# Visual Studio 2010
# SharpDevelop 5.1
Project("{FAE04EC0-301F-11D3-BF4B-00C04F79EFBC}") = "UICalculator", "UICalculator\UICalculator.csproj", "{CBF4E7AB-1DDA-4568-9EB7-ACA926E33550}"
EndProject
Global
	GlobalSection(SolutionConfigurationPlatforms) = preSolution
		Debug|Any CPU = Debug|Any CPU
		Release|Any CPU = Release|Any CPU
	EndGlobalSection
	GlobalSection(ProjectConfigurationPlatforms) = postSolution
		{CBF4E7AB-1DDA-4568-9EB7-ACA926E33550}.Debug|Any CPU.ActiveCfg = Debug|Any CPU
		{CBF4E7AB-1DDA-4568-9EB7-ACA926E33550}.Debug|Any CPU.Build.0 = Debug|Any CPU
		{CBF4E7AB-1DDA-4568-9EB7-ACA926E33550}.Release|Any CPU.ActiveCfg = Release|Any CPU
		{CBF4E7AB-1DDA-4568-9EB7-ACA926E33550}.Release|Any CPU.Build.0 = Release|Any CPU
	EndGlobalSection
EndGlobal
